
Microsoft Visual Studio Solution File, Format Version 12.00
# Visual Studio 14
VisualStudioVersion = 14.0.25420.1
MinimumVisualStudioVersion = 10.0.40219.1
Project("{FAE04EC0-301F-11D3-BF4B-00C04F79EFBC}") = "PieceMeal", "PieceMeal\PieceMeal.csproj", "{B052AA5D-FB9E-46D7-A40B-C6CB249C8DB3}"
EndProject
Project("{FAE04EC0-301F-11D3-BF4B-00C04F79EFBC}") = "PieceMeal.Tests", "PieceMeal.Tests\PieceMeal.Tests.csproj", "{94853DB7-E279-42DB-9EAB-6308F6CCB784}"
EndProject
Global
	GlobalSection(SolutionConfigurationPlatforms) = preSolution
		Debug|Any CPU = Debug|Any CPU
		Release|Any CPU = Release|Any CPU
	EndGlobalSection
	GlobalSection(ProjectConfigurationPlatforms) = postSolution
		{B052AA5D-FB9E-46D7-A40B-C6CB249C8DB3}.Debug|Any CPU.ActiveCfg = Debug|Any CPU
		{B052AA5D-FB9E-46D7-A40B-C6CB249C8DB3}.Debug|Any CPU.Build.0 = Debug|Any CPU
		{B052AA5D-FB9E-46D7-A40B-C6CB249C8DB3}.Release|Any CPU.ActiveCfg = Release|Any CPU
		{B052AA5D-FB9E-46D7-A40B-C6CB249C8DB3}.Release|Any CPU.Build.0 = Release|Any CPU
		{94853DB7-E279-42DB-9EAB-6308F6CCB784}.Debug|Any CPU.ActiveCfg = Debug|Any CPU
		{94853DB7-E279-42DB-9EAB-6308F6CCB784}.Debug|Any CPU.Build.0 = Debug|Any CPU
		{94853DB7-E279-42DB-9EAB-6308F6CCB784}.Release|Any CPU.ActiveCfg = Release|Any CPU
		{94853DB7-E279-42DB-9EAB-6308F6CCB784}.Release|Any CPU.Build.0 = Release|Any CPU
	EndGlobalSection
	GlobalSection(SolutionProperties) = preSolution
		HideSolutionNode = FALSE
	EndGlobalSection
EndGlobal
